
Microsoft Visual Studio Solution File, Format Version 12.00
# Visual Studio Version 16
VisualStudioVersion = 16.0.32106.194
MinimumVisualStudioVersion = 10.0.40219.1
Project("{FAE04EC0-301F-11D3-BF4B-00C04F79EFBC}") = "CocktailSort", "CocktailSort\CocktailSort.csproj", "{AFEA0927-468A-4BCC-ABA5-04B9190F0DE6}"
EndProject
Global
	GlobalSection(SolutionConfigurationPlatforms) = preSolution
		Debug|Any CPU = Debug|Any CPU
		Release|Any CPU = Release|Any CPU
	EndGlobalSection
	GlobalSection(ProjectConfigurationPlatforms) = postSolution
		{AFEA0927-468A-4BCC-ABA5-04B9190F0DE6}.Debug|Any CPU.ActiveCfg = Debug|Any CPU
		{AFEA0927-468A-4BCC-ABA5-04B9190F0DE6}.Debug|Any CPU.Build.0 = Debug|Any CPU
		{AFEA0927-468A-4BCC-ABA5-04B9190F0DE6}.Release|Any CPU.ActiveCfg = Release|Any CPU
		{AFEA0927-468A-4BCC-ABA5-04B9190F0DE6}.Release|Any CPU.Build.0 = Release|Any CPU
	EndGlobalSection
	GlobalSection(SolutionProperties) = preSolution
		HideSolutionNode = FALSE
	EndGlobalSection
	GlobalSection(ExtensibilityGlobals) = postSolution
		SolutionGuid = {A8EC588F-E1E7-4BA3-9691-5C4EA63AC7D0}
	EndGlobalSection
EndGlobal
